
Microsoft Visual Studio Solution File, Format Version 12.00
# Visual Studio Version 17
VisualStudioVersion = 17.14.36221.1
MinimumVisualStudioVersion = 10.0.40219.1
Project("{54A90642-561A-4BB1-A94E-469ADEE60C69}") = "SMToolkit-DB", "SMToolkit-DB.esproj", "{C471FD69-61F0-A19D-DB5C-BC82C1394454}"
EndProject
Global
	GlobalSection(SolutionConfigurationPlatforms) = preSolution
		Debug|Any CPU = Debug|Any CPU
		Release|Any CPU = Release|Any CPU
	EndGlobalSection
	GlobalSection(ProjectConfigurationPlatforms) = postSolution
		{C471FD69-61F0-A19D-DB5C-BC82C1394454}.Debug|Any CPU.ActiveCfg = Debug|Any CPU
		{C471FD69-61F0-A19D-DB5C-BC82C1394454}.Debug|Any CPU.Build.0 = Debug|Any CPU
		{C471FD69-61F0-A19D-DB5C-BC82C1394454}.Debug|Any CPU.Deploy.0 = Debug|Any CPU
		{C471FD69-61F0-A19D-DB5C-BC82C1394454}.Release|Any CPU.ActiveCfg = Release|Any CPU
		{C471FD69-61F0-A19D-DB5C-BC82C1394454}.Release|Any CPU.Build.0 = Release|Any CPU
		{C471FD69-61F0-A19D-DB5C-BC82C1394454}.Release|Any CPU.Deploy.0 = Release|Any CPU
	EndGlobalSection
	GlobalSection(SolutionProperties) = preSolution
		HideSolutionNode = FALSE
	EndGlobalSection
	GlobalSection(ExtensibilityGlobals) = postSolution
		SolutionGuid = {8E797EAE-F736-42A6-B53D-A10F3A13BE8C}
	EndGlobalSection
EndGlobal
